<?xml version="1.0" encoding="utf-8"?>
<Project ToolsVersion="4.0" xmlns="http://schemas.microsoft.com/developer/msbuild/2003">
  <ItemGroup>
    <Filter Include="Quelldateien">
      <UniqueIdentifier>{4FC737F1-C7A5-4376-A066-2A32D752A2FF}</UniqueIdentifier>
      <Extensions>cpp;c;cc;cxx;def;odl;idl;hpj;bat;asm;asmx</Extensions>
    </Filter>
    <Filter Include="Headerdateien">
      <UniqueIdentifier>{93995380-89BD-4b04-88EB-625FBE52EBFB}</UniqueIdentifier>
      <Extensions>h;hh;hpp;hxx;hm;inl;inc;xsd</Extensions>
    </Filter>
    <Filter Include="Ressourcendateien">
      <UniqueIdentifier>{67DA6AB6-F800-4c08-8B7A-83BB121AAD01}</UniqueIdentifier>
      <Extensions>rc;ico;cur;bmp;dlg;rc2;rct;bin;rgs;gif;jpg;jpeg;jpe;resx;tiff;tif;png;wav;mfcribbon-ms</Extensions>
    </Filter>
    <Filter Include="shader">
      <UniqueIdentifier>{f8c7a782-9676-4c84-a1cc-77805416d688}</UniqueIdentifier>
    </Filter>
    <Filter Include="Quelldateien\Model">
      <UniqueIdentifier>{09f4866d-d341-4a1e-aceb-57c57ee135cb}</UniqueIdentifier>
    </Filter>
    <Filter Include="Quelldateien\View">
      <UniqueIdentifier>{7cc73527-3db6-42fa-9c22-0bde799bf7f9}</UniqueIdentifier>
    </Filter>
    <Filter Include="Quelldateien\Controller">
      <UniqueIdentifier>{6f62b95d-e9a0-47b4-8f9c-f5e8f5664910}</UniqueIdentifier>
    </Filter>
    <Filter Include="Headerdateien\Model">
      <UniqueIdentifier>{d7674543-8892-4430-ae3b-9bd2f91848eb}</UniqueIdentifier>
    </Filter>
    <Filter Include="Headerdateien\View">
      <UniqueIdentifier>{45a3fda4-59b1-421e-bc0b-abb2f545b280}</UniqueIdentifier>
    </Filter>
    <Filter Include="Headerdateien\Controller">
      <UniqueIdentifier>{0c0a4d6a-800d-4497-becb-a33d8d55c2d7}</UniqueIdentifier>
    </Filter>
  </ItemGroup>
  <ItemGroup>
    <ClCompile Include="main.cpp">
      <Filter>Quelldateien</Filter>
    </ClCompile>
    <ClCompile Include="systemcontroller.cpp">
      <Filter>Quelldateien\Controller</Filter>
    </ClCompile>
    <ClCompile Include="display.cpp">
      <Filter>Quelldateien\View</Filter>
    </ClCompile>
    <ClCompile Include="d3dclass.cpp">
      <Filter>Quelldateien\Model</Filter>
    </ClCompile>
    <ClCompile Include="input.cpp">
      <Filter>Quelldateien\Controller</Filter>
    </ClCompile>
    <ClCompile Include="keyboardinput.cpp">
      <Filter>Quelldateien\Controller</Filter>
    </ClCompile>
    <ClCompile Include="mouseinput.cpp">
      <Filter>Quelldateien\Controller</Filter>
    </ClCompile>
  </ItemGroup>
  <ItemGroup>
    <ClInclude Include="systemcontroller.h">
      <Filter>Headerdateien\Controller</Filter>
    </ClInclude>
    <ClInclude Include="display.h">
      <Filter>Headerdateien\View</Filter>
    </ClInclude>
    <ClInclude Include="d3dclass.h">
      <Filter>Headerdateien\Model</Filter>
    </ClInclude>
    <ClInclude Include="input.h">
      <Filter>Headerdateien\Controller</Filter>
    </ClInclude>
    <ClInclude Include="keyboardinput.h">
      <Filter>Headerdateien\Controller</Filter>
    </ClInclude>
    <ClInclude Include="mouseinput.h">
      <Filter>Headerdateien\Controller</Filter>
    </ClInclude>
  </ItemGroup>
</Project>